
Microsoft Visual Studio Solution File, Format Version 12.00
# Visual Studio Version 16
VisualStudioVersion = 16.0.30621.155
MinimumVisualStudioVersion = 10.0.40219.1
Project("{FAE04EC0-301F-11D3-BF4B-00C04F79EFBC}") = "CountingWordsConsole", "CountingWordsConsole\CountingWordsConsole.csproj", "{F3662F42-8519-45FC-9840-E601AB6D834F}"
EndProject
Project("{FAE04EC0-301F-11D3-BF4B-00C04F79EFBC}") = "Thundax.MapReduce", "Common.library\Thundax.MapReduce.csproj", "{6A96B00F-16F2-42D3-AF90-CFC4380CC83D}"
EndProject
Project("{FAE04EC0-301F-11D3-BF4B-00C04F79EFBC}") = "MapReduce.Tests", "MapReduce.Tests\MapReduce.Tests.csproj", "{EA487E0D-B5BD-4657-A7A5-3DA11277489A}"
EndProject
Project("{2150E333-8FDC-42A3-9474-1A3956D46DE8}") = "Solution Items", "Solution Items", "{D751A6B9-7B52-457F-A044-3F58C6E146C2}"
	ProjectSection(SolutionItems) = preProject
		coverage.xml = coverage.xml
		mapreduce.msbuild = mapreduce.msbuild
		TCServiceMessage\bin\Debug\TCServiceMessage.exe = TCServiceMessage\bin\Debug\TCServiceMessage.exe
	EndProjectSection
EndProject
Project("{FAE04EC0-301F-11D3-BF4B-00C04F79EFBC}") = "TCServiceMessage", "TCServiceMessage\TCServiceMessage.csproj", "{A7F296F9-A55B-4863-9B61-FD502A1C479C}"
EndProject
Project("{FAE04EC0-301F-11D3-BF4B-00C04F79EFBC}") = "CountingWordsConsolePackage", "CountingWordsConsolePackage\CountingWordsConsolePackage.csproj", "{3F41E0B9-C608-4E9B-A94E-B889D46D9733}"
EndProject
Global
	GlobalSection(SolutionConfigurationPlatforms) = preSolution
		Debug|Any CPU = Debug|Any CPU
		Release|Any CPU = Release|Any CPU
	EndGlobalSection
	GlobalSection(ProjectConfigurationPlatforms) = postSolution
		{F3662F42-8519-45FC-9840-E601AB6D834F}.Debug|Any CPU.ActiveCfg = Debug|Any CPU
		{F3662F42-8519-45FC-9840-E601AB6D834F}.Debug|Any CPU.Build.0 = Debug|Any CPU
		{F3662F42-8519-45FC-9840-E601AB6D834F}.Release|Any CPU.ActiveCfg = Release|Any CPU
		{F3662F42-8519-45FC-9840-E601AB6D834F}.Release|Any CPU.Build.0 = Release|Any CPU
		{6A96B00F-16F2-42D3-AF90-CFC4380CC83D}.Debug|Any CPU.ActiveCfg = Debug|Any CPU
		{6A96B00F-16F2-42D3-AF90-CFC4380CC83D}.Debug|Any CPU.Build.0 = Debug|Any CPU
		{6A96B00F-16F2-42D3-AF90-CFC4380CC83D}.Release|Any CPU.ActiveCfg = Release|Any CPU
		{6A96B00F-16F2-42D3-AF90-CFC4380CC83D}.Release|Any CPU.Build.0 = Release|Any CPU
		{EA487E0D-B5BD-4657-A7A5-3DA11277489A}.Debug|Any CPU.ActiveCfg = Debug|Any CPU
		{EA487E0D-B5BD-4657-A7A5-3DA11277489A}.Debug|Any CPU.Build.0 = Debug|Any CPU
		{EA487E0D-B5BD-4657-A7A5-3DA11277489A}.Release|Any CPU.ActiveCfg = Release|Any CPU
		{EA487E0D-B5BD-4657-A7A5-3DA11277489A}.Release|Any CPU.Build.0 = Release|Any CPU
		{A7F296F9-A55B-4863-9B61-FD502A1C479C}.Debug|Any CPU.ActiveCfg = Debug|Any CPU
		{A7F296F9-A55B-4863-9B61-FD502A1C479C}.Debug|Any CPU.Build.0 = Debug|Any CPU
		{A7F296F9-A55B-4863-9B61-FD502A1C479C}.Release|Any CPU.ActiveCfg = Release|Any CPU
		{A7F296F9-A55B-4863-9B61-FD502A1C479C}.Release|Any CPU.Build.0 = Release|Any CPU
		{3F41E0B9-C608-4E9B-A94E-B889D46D9733}.Debug|Any CPU.ActiveCfg = Debug|Any CPU
		{3F41E0B9-C608-4E9B-A94E-B889D46D9733}.Debug|Any CPU.Build.0 = Debug|Any CPU
		{3F41E0B9-C608-4E9B-A94E-B889D46D9733}.Release|Any CPU.ActiveCfg = Release|Any CPU
		{3F41E0B9-C608-4E9B-A94E-B889D46D9733}.Release|Any CPU.Build.0 = Release|Any CPU
	EndGlobalSection
	GlobalSection(SolutionProperties) = preSolution
		HideSolutionNode = FALSE
	EndGlobalSection
	GlobalSection(ExtensibilityGlobals) = postSolution
		SolutionGuid = {3DFE094F-8115-4C68-A836-1993FE5F6FE4}
	EndGlobalSection
EndGlobal
